
Microsoft Visual Studio Solution File, Format Version 12.00
# Visual Studio Version 16
VisualStudioVersion = 16.0.28407.52
MinimumVisualStudioVersion = 10.0.40219.1
Project("{FAE04EC0-301F-11D3-BF4B-00C04F79EFBC}") = "Esp.UWP", "Esp\Esp.UWP\Esp.UWP.csproj", "{6D524BCB-14C5-434E-894A-755BC6DE8FD9}"
EndProject
Project("{FAE04EC0-301F-11D3-BF4B-00C04F79EFBC}") = "Esp.Android", "Esp\Esp.Android\Esp.Android.csproj", "{24CE3C36-16B9-426D-AA0C-5961ECF8D88C}"
EndProject
Project("{FAE04EC0-301F-11D3-BF4B-00C04F79EFBC}") = "Esp.iOS", "Esp\Esp.iOS\Esp.iOS.csproj", "{C4915DF6-9F55-4F34-9BE3-3B4CCE07E109}"
EndProject
Project("{FAE04EC0-301F-11D3-BF4B-00C04F79EFBC}") = "Esp", "Esp\Esp\Esp.csproj", "{21DA0821-B94D-4490-B392-3D63340152A2}"
EndProject
Global
	GlobalSection(SolutionConfigurationPlatforms) = preSolution
		Debug|Any CPU = Debug|Any CPU
		Debug|ARM = Debug|ARM
		Debug|iPhone = Debug|iPhone
		Debug|iPhoneSimulator = Debug|iPhoneSimulator
		Debug|x64 = Debug|x64
		Debug|x86 = Debug|x86
		Release|Any CPU = Release|Any CPU
		Release|ARM = Release|ARM
		Release|iPhone = Release|iPhone
		Release|iPhoneSimulator = Release|iPhoneSimulator
		Release|x64 = Release|x64
		Release|x86 = Release|x86
	EndGlobalSection
	GlobalSection(ProjectConfigurationPlatforms) = postSolution
		{6D524BCB-14C5-434E-894A-755BC6DE8FD9}.Debug|Any CPU.ActiveCfg = Debug|x86
		{6D524BCB-14C5-434E-894A-755BC6DE8FD9}.Debug|Any CPU.Build.0 = Debug|x86
		{6D524BCB-14C5-434E-894A-755BC6DE8FD9}.Debug|Any CPU.Deploy.0 = Debug|x86
		{6D524BCB-14C5-434E-894A-755BC6DE8FD9}.Debug|ARM.ActiveCfg = Debug|ARM
		{6D524BCB-14C5-434E-894A-755BC6DE8FD9}.Debug|ARM.Build.0 = Debug|ARM
		{6D524BCB-14C5-434E-894A-755BC6DE8FD9}.Debug|ARM.Deploy.0 = Debug|ARM
		{6D524BCB-14C5-434E-894A-755BC6DE8FD9}.Debug|iPhone.ActiveCfg = Debug|x86
		{6D524BCB-14C5-434E-894A-755BC6DE8FD9}.Debug|iPhone.Build.0 = Debug|x86
		{6D524BCB-14C5-434E-894A-755BC6DE8FD9}.Debug|iPhone.Deploy.0 = Debug|x86
		{6D524BCB-14C5-434E-894A-755BC6DE8FD9}.Debug|iPhoneSimulator.ActiveCfg = Debug|x86
		{6D524BCB-14C5-434E-894A-755BC6DE8FD9}.Debug|iPhoneSimulator.Build.0 = Debug|x86
		{6D524BCB-14C5-434E-894A-755BC6DE8FD9}.Debug|iPhoneSimulator.Deploy.0 = Debug|x86
		{6D524BCB-14C5-434E-894A-755BC6DE8FD9}.Debug|x64.ActiveCfg = Debug|x64
		{6D524BCB-14C5-434E-894A-755BC6DE8FD9}.Debug|x64.Build.0 = Debug|x64
		{6D524BCB-14C5-434E-894A-755BC6DE8FD9}.Debug|x64.Deploy.0 = Debug|x64
		{6D524BCB-14C5-434E-894A-755BC6DE8FD9}.Debug|x86.ActiveCfg = Debug|x86
		{6D524BCB-14C5-434E-894A-755BC6DE8FD9}.Debug|x86.Build.0 = Debug|x86
		{6D524BCB-14C5-434E-894A-755BC6DE8FD9}.Debug|x86.Deploy.0 = Debug|x86
		{6D524BCB-14C5-434E-894A-755BC6DE8FD9}.Release|Any CPU.ActiveCfg = Release|x86
		{6D524BCB-14C5-434E-894A-755BC6DE8FD9}.Release|Any CPU.Build.0 = Release|x86
		{6D524BCB-14C5-434E-894A-755BC6DE8FD9}.Release|Any CPU.Deploy.0 = Release|x86
		{6D524BCB-14C5-434E-894A-755BC6DE8FD9}.Release|ARM.ActiveCfg = Release|ARM
		{6D524BCB-14C5-434E-894A-755BC6DE8FD9}.Release|ARM.Build.0 = Release|ARM
		{6D524BCB-14C5-434E-894A-755BC6DE8FD9}.Release|ARM.Deploy.0 = Release|ARM
		{6D524BCB-14C5-434E-894A-755BC6DE8FD9}.Release|iPhone.ActiveCfg = Release|x86
		{6D524BCB-14C5-434E-894A-755BC6DE8FD9}.Release|iPhone.Build.0 = Release|x86
		{6D524BCB-14C5-434E-894A-755BC6DE8FD9}.Release|iPhone.Deploy.0 = Release|x86
		{6D524BCB-14C5-434E-894A-755BC6DE8FD9}.Release|iPhoneSimulator.ActiveCfg = Release|x86
		{6D524BCB-14C5-434E-894A-755BC6DE8FD9}.Release|iPhoneSimulator.Build.0 = Release|x86
		{6D524BCB-14C5-434E-894A-755BC6DE8FD9}.Release|iPhoneSimulator.Deploy.0 = Release|x86
		{6D524BCB-14C5-434E-894A-755BC6DE8FD9}.Release|x64.ActiveCfg = Release|x64
		{6D524BCB-14C5-434E-894A-755BC6DE8FD9}.Release|x64.Build.0 = Release|x64
		{6D524BCB-14C5-434E-894A-755BC6DE8FD9}.Release|x64.Deploy.0 = Release|x64
		{6D524BCB-14C5-434E-894A-755BC6DE8FD9}.Release|x86.ActiveCfg = Release|x86
		{6D524BCB-14C5-434E-894A-755BC6DE8FD9}.Release|x86.Build.0 = Release|x86
		{6D524BCB-14C5-434E-894A-755BC6DE8FD9}.Release|x86.Deploy.0 = Release|x86
		{24CE3C36-16B9-426D-AA0C-5961ECF8D88C}.Debug|Any CPU.ActiveCfg = Debug|Any CPU
		{24CE3C36-16B9-426D-AA0C-5961ECF8D88C}.Debug|Any CPU.Build.0 = Debug|Any CPU
		{24CE3C36-16B9-426D-AA0C-5961ECF8D88C}.Debug|Any CPU.Deploy.0 = Debug|Any CPU
		{24CE3C36-16B9-426D-AA0C-5961ECF8D88C}.Debug|ARM.ActiveCfg = Debug|Any CPU
		{24CE3C36-16B9-426D-AA0C-5961ECF8D88C}.Debug|ARM.Build.0 = Debug|Any CPU
		{24CE3C36-16B9-426D-AA0C-5961ECF8D88C}.Debug|ARM.Deploy.0 = Debug|Any CPU
		{24CE3C36-16B9-426D-AA0C-5961ECF8D88C}.Debug|iPhone.ActiveCfg = Debug|Any CPU
		{24CE3C36-16B9-426D-AA0C-5961ECF8D88C}.Debug|iPhone.Build.0 = Debug|Any CPU
		{24CE3C36-16B9-426D-AA0C-5961ECF8D88C}.Debug|iPhone.Deploy.0 = Debug|Any CPU
		{24CE3C36-16B9-426D-AA0C-5961ECF8D88C}.Debug|iPhoneSimulator.ActiveCfg = Debug|Any CPU
		{24CE3C36-16B9-426D-AA0C-5961ECF8D88C}.Debug|iPhoneSimulator.Build.0 = Debug|Any CPU
		{24CE3C36-16B9-426D-AA0C-5961ECF8D88C}.Debug|iPhoneSimulator.Deploy.0 = Debug|Any CPU
		{24CE3C36-16B9-426D-AA0C-5961ECF8D88C}.Debug|x64.ActiveCfg = Debug|Any CPU
		{24CE3C36-16B9-426D-AA0C-5961ECF8D88C}.Debug|x64.Build.0 = Debug|Any CPU
		{24CE3C36-16B9-426D-AA0C-5961ECF8D88C}.Debug|x64.Deploy.0 = Debug|Any CPU
		{24CE3C36-16B9-426D-AA0C-5961ECF8D88C}.Debug|x86.ActiveCfg = Debug|Any CPU
		{24CE3C36-16B9-426D-AA0C-5961ECF8D88C}.Debug|x86.Build.0 = Debug|Any CPU
		{24CE3C36-16B9-426D-AA0C-5961ECF8D88C}.Debug|x86.Deploy.0 = Debug|Any CPU
		{24CE3C36-16B9-426D-AA0C-5961ECF8D88C}.Release|Any CPU.ActiveCfg = Release|Any CPU
		{24CE3C36-16B9-426D-AA0C-5961ECF8D88C}.Release|Any CPU.Build.0 = Release|Any CPU
		{24CE3C36-16B9-426D-AA0C-5961ECF8D88C}.Release|Any CPU.Deploy.0 = Release|Any CPU
		{24CE3C36-16B9-426D-AA0C-5961ECF8D88C}.Release|ARM.ActiveCfg = Release|Any CPU
		{24CE3C36-16B9-426D-AA0C-5961ECF8D88C}.Release|ARM.Build.0 = Release|Any CPU
		{24CE3C36-16B9-426D-AA0C-5961ECF8D88C}.Release|ARM.Deploy.0 = Release|Any CPU
		{24CE3C36-16B9-426D-AA0C-5961ECF8D88C}.Release|iPhone.ActiveCfg = Release|Any CPU
		{24CE3C36-16B9-426D-AA0C-5961ECF8D88C}.Release|iPhone.Build.0 = Release|Any CPU
		{24CE3C36-16B9-426D-AA0C-5961ECF8D88C}.Release|iPhone.Deploy.0 = Release|Any CPU
		{24CE3C36-16B9-426D-AA0C-5961ECF8D88C}.Release|iPhoneSimulator.ActiveCfg = Release|Any CPU
		{24CE3C36-16B9-426D-AA0C-5961ECF8D88C}.Release|iPhoneSimulator.Build.0 = Release|Any CPU
		{24CE3C36-16B9-426D-AA0C-5961ECF8D88C}.Release|iPhoneSimulator.Deploy.0 = Release|Any CPU
		{24CE3C36-16B9-426D-AA0C-5961ECF8D88C}.Release|x64.ActiveCfg = Release|Any CPU
		{24CE3C36-16B9-426D-AA0C-5961ECF8D88C}.Release|x64.Build.0 = Release|Any CPU
		{24CE3C36-16B9-426D-AA0C-5961ECF8D88C}.Release|x64.Deploy.0 = Release|Any CPU
		{24CE3C36-16B9-426D-AA0C-5961ECF8D88C}.Release|x86.ActiveCfg = Release|Any CPU
		{24CE3C36-16B9-426D-AA0C-5961ECF8D88C}.Release|x86.Build.0 = Release|Any CPU
		{24CE3C36-16B9-426D-AA0C-5961ECF8D88C}.Release|x86.Deploy.0 = Release|Any CPU
		{C4915DF6-9F55-4F34-9BE3-3B4CCE07E109}.Debug|Any CPU.ActiveCfg = Debug|iPhone
		{C4915DF6-9F55-4F34-9BE3-3B4CCE07E109}.Debug|Any CPU.Build.0 = Debug|iPhone
		{C4915DF6-9F55-4F34-9BE3-3B4CCE07E109}.Debug|Any CPU.Deploy.0 = Debug|iPhone
		{C4915DF6-9F55-4F34-9BE3-3B4CCE07E109}.Debug|ARM.ActiveCfg = Debug|iPhoneSimulator
		{C4915DF6-9F55-4F34-9BE3-3B4CCE07E109}.Debug|ARM.Build.0 = Debug|iPhoneSimulator
		{C4915DF6-9F55-4F34-9BE3-3B4CCE07E109}.Debug|ARM.Deploy.0 = Debug|iPhoneSimulator
		{C4915DF6-9F55-4F34-9BE3-3B4CCE07E109}.Debug|iPhone.ActiveCfg = Debug|iPhone
		{C4915DF6-9F55-4F34-9BE3-3B4CCE07E109}.Debug|iPhone.Build.0 = Debug|iPhone
		{C4915DF6-9F55-4F34-9BE3-3B4CCE07E109}.Debug|iPhone.Deploy.0 = Debug|iPhone
		{C4915DF6-9F55-4F34-9BE3-3B4CCE07E109}.Debug|iPhoneSimulator.ActiveCfg = Debug|iPhoneSimulator
		{C4915DF6-9F55-4F34-9BE3-3B4CCE07E109}.Debug|iPhoneSimulator.Build.0 = Debug|iPhoneSimulator
		{C4915DF6-9F55-4F34-9BE3-3B4CCE07E109}.Debug|iPhoneSimulator.Deploy.0 = Debug|iPhoneSimulator
		{C4915DF6-9F55-4F34-9BE3-3B4CCE07E109}.Debug|x64.ActiveCfg = Debug|iPhone
		{C4915DF6-9F55-4F34-9BE3-3B4CCE07E109}.Debug|x64.Build.0 = Debug|iPhone
		{C4915DF6-9F55-4F34-9BE3-3B4CCE07E109}.Debug|x64.Deploy.0 = Debug|iPhone
		{C4915DF6-9F55-4F34-9BE3-3B4CCE07E109}.Debug|x86.ActiveCfg = Debug|iPhone
		{C4915DF6-9F55-4F34-9BE3-3B4CCE07E109}.Debug|x86.Build.0 = Debug|iPhone
		{C4915DF6-9F55-4F34-9BE3-3B4CCE07E109}.Debug|x86.Deploy.0 = Debug|iPhone
		{C4915DF6-9F55-4F34-9BE3-3B4CCE07E109}.Release|Any CPU.ActiveCfg = Release|iPhone
		{C4915DF6-9F55-4F34-9BE3-3B4CCE07E109}.Release|Any CPU.Build.0 = Release|iPhone
		{C4915DF6-9F55-4F34-9BE3-3B4CCE07E109}.Release|Any CPU.Deploy.0 = Release|iPhone
		{C4915DF6-9F55-4F34-9BE3-3B4CCE07E109}.Release|ARM.ActiveCfg = Release|iPhone
		{C4915DF6-9F55-4F34-9BE3-3B4CCE07E109}.Release|ARM.Build.0 = Release|iPhone
		{C4915DF6-9F55-4F34-9BE3-3B4CCE07E109}.Release|ARM.Deploy.0 = Release|iPhone
		{C4915DF6-9F55-4F34-9BE3-3B4CCE07E109}.Release|iPhone.ActiveCfg = Release|iPhone
		{C4915DF6-9F55-4F34-9BE3-3B4CCE07E109}.Release|iPhone.Build.0 = Release|iPhone
		{C4915DF6-9F55-4F34-9BE3-3B4CCE07E109}.Release|iPhone.Deploy.0 = Release|iPhone
		{C4915DF6-9F55-4F34-9BE3-3B4CCE07E109}.Release|iPhoneSimulator.ActiveCfg = Release|iPhoneSimulator
		{C4915DF6-9F55-4F34-9BE3-3B4CCE07E109}.Release|iPhoneSimulator.Build.0 = Release|iPhoneSimulator
		{C4915DF6-9F55-4F34-9BE3-3B4CCE07E109}.Release|iPhoneSimulator.Deploy.0 = Release|iPhoneSimulator
		{C4915DF6-9F55-4F34-9BE3-3B4CCE07E109}.Release|x64.ActiveCfg = Release|iPhone
		{C4915DF6-9F55-4F34-9BE3-3B4CCE07E109}.Release|x64.Build.0 = Release|iPhone
		{C4915DF6-9F55-4F34-9BE3-3B4CCE07E109}.Release|x64.Deploy.0 = Release|iPhone
		{C4915DF6-9F55-4F34-9BE3-3B4CCE07E109}.Release|x86.ActiveCfg = Release|iPhone
		{C4915DF6-9F55-4F34-9BE3-3B4CCE07E109}.Release|x86.Build.0 = Release|iPhone
		{C4915DF6-9F55-4F34-9BE3-3B4CCE07E109}.Release|x86.Deploy.0 = Release|iPhone
		{21DA0821-B94D-4490-B392-3D63340152A2}.Debug|Any CPU.ActiveCfg = Debug|Any CPU
		{21DA0821-B94D-4490-B392-3D63340152A2}.Debug|Any CPU.Build.0 = Debug|Any CPU
		{21DA0821-B94D-4490-B392-3D63340152A2}.Debug|Any CPU.Deploy.0 = Debug|Any CPU
		{21DA0821-B94D-4490-B392-3D63340152A2}.Debug|ARM.ActiveCfg = Debug|Any CPU
		{21DA0821-B94D-4490-B392-3D63340152A2}.Debug|ARM.Build.0 = Debug|Any CPU
		{21DA0821-B94D-4490-B392-3D63340152A2}.Debug|ARM.Deploy.0 = Debug|Any CPU
		{21DA0821-B94D-4490-B392-3D63340152A2}.Debug|iPhone.ActiveCfg = Debug|Any CPU
		{21DA0821-B94D-4490-B392-3D63340152A2}.Debug|iPhone.Build.0 = Debug|Any CPU
		{21DA0821-B94D-4490-B392-3D63340152A2}.Debug|iPhone.Deploy.0 = Debug|Any CPU
		{21DA0821-B94D-4490-B392-3D63340152A2}.Debug|iPhoneSimulator.ActiveCfg = Debug|Any CPU
		{21DA0821-B94D-4490-B392-3D63340152A2}.Debug|iPhoneSimulator.Build.0 = Debug|Any CPU
		{21DA0821-B94D-4490-B392-3D63340152A2}.Debug|iPhoneSimulator.Deploy.0 = Debug|Any CPU
		{21DA0821-B94D-4490-B392-3D63340152A2}.Debug|x64.ActiveCfg = Debug|Any CPU
		{21DA0821-B94D-4490-B392-3D63340152A2}.Debug|x64.Build.0 = Debug|Any CPU
		{21DA0821-B94D-4490-B392-3D63340152A2}.Debug|x64.Deploy.0 = Debug|Any CPU
		{21DA0821-B94D-4490-B392-3D63340152A2}.Debug|x86.ActiveCfg = Debug|Any CPU
		{21DA0821-B94D-4490-B392-3D63340152A2}.Debug|x86.Build.0 = Debug|Any CPU
		{21DA0821-B94D-4490-B392-3D63340152A2}.Debug|x86.Deploy.0 = Debug|Any CPU
		{21DA0821-B94D-4490-B392-3D63340152A2}.Release|Any CPU.ActiveCfg = Release|Any CPU
		{21DA0821-B94D-4490-B392-3D63340152A2}.Release|Any CPU.Build.0 = Release|Any CPU
		{21DA0821-B94D-4490-B392-3D63340152A2}.Release|Any CPU.Deploy.0 = Release|Any CPU
		{21DA0821-B94D-4490-B392-3D63340152A2}.Release|ARM.ActiveCfg = Release|Any CPU
		{21DA0821-B94D-4490-B392-3D63340152A2}.Release|ARM.Build.0 = Release|Any CPU
		{21DA0821-B94D-4490-B392-3D63340152A2}.Release|ARM.Deploy.0 = Release|Any CPU
		{21DA0821-B94D-4490-B392-3D63340152A2}.Release|iPhone.ActiveCfg = Release|Any CPU
		{21DA0821-B94D-4490-B392-3D63340152A2}.Release|iPhone.Build.0 = Release|Any CPU
		{21DA0821-B94D-4490-B392-3D63340152A2}.Release|iPhone.Deploy.0 = Release|Any CPU
		{21DA0821-B94D-4490-B392-3D63340152A2}.Release|iPhoneSimulator.ActiveCfg = Release|Any CPU
		{21DA0821-B94D-4490-B392-3D63340152A2}.Release|iPhoneSimulator.Build.0 = Release|Any CPU
		{21DA0821-B94D-4490-B392-3D63340152A2}.Release|iPhoneSimulator.Deploy.0 = Release|Any CPU
		{21DA0821-B94D-4490-B392-3D63340152A2}.Release|x64.ActiveCfg = Release|Any CPU
		{21DA0821-B94D-4490-B392-3D63340152A2}.Release|x64.Build.0 = Release|Any CPU
		{21DA0821-B94D-4490-B392-3D63340152A2}.Release|x64.Deploy.0 = Release|Any CPU
		{21DA0821-B94D-4490-B392-3D63340152A2}.Release|x86.ActiveCfg = Release|Any CPU
		{21DA0821-B94D-4490-B392-3D63340152A2}.Release|x86.Build.0 = Release|Any CPU
		{21DA0821-B94D-4490-B392-3D63340152A2}.Release|x86.Deploy.0 = Release|Any CPU
	EndGlobalSection
	GlobalSection(SolutionProperties) = preSolution
		HideSolutionNode = FALSE
	EndGlobalSection
	GlobalSection(ExtensibilityGlobals) = postSolution
		SolutionGuid = {A281CDC5-D7EF-47E3-978F-9AE1110A122F}
	EndGlobalSection
EndGlobal
