
Microsoft Visual Studio Solution File, Format Version 12.00
# Visual Studio 15
VisualStudioVersion = 15.0.28307.136
MinimumVisualStudioVersion = 10.0.40219.1
Project("{FAE04EC0-301F-11D3-BF4B-00C04F79EFBC}") = "Threading", "Threading\Threading.csproj", "{FA0B29AC-4AC8-4312-BB7B-2EF44F29AA34}"
EndProject
Global
	GlobalSection(SolutionConfigurationPlatforms) = preSolution
		Debug|Any CPU = Debug|Any CPU
		Release|Any CPU = Release|Any CPU
	EndGlobalSection
	GlobalSection(ProjectConfigurationPlatforms) = postSolution
		{FA0B29AC-4AC8-4312-BB7B-2EF44F29AA34}.Debug|Any CPU.ActiveCfg = Debug|Any CPU
		{FA0B29AC-4AC8-4312-BB7B-2EF44F29AA34}.Debug|Any CPU.Build.0 = Debug|Any CPU
		{FA0B29AC-4AC8-4312-BB7B-2EF44F29AA34}.Release|Any CPU.ActiveCfg = Release|Any CPU
		{FA0B29AC-4AC8-4312-BB7B-2EF44F29AA34}.Release|Any CPU.Build.0 = Release|Any CPU
	EndGlobalSection
	GlobalSection(SolutionProperties) = preSolution
		HideSolutionNode = FALSE
	EndGlobalSection
	GlobalSection(ExtensibilityGlobals) = postSolution
		SolutionGuid = {B71FB6FC-A087-4FF3-8B0C-16744A832FA6}
	EndGlobalSection
EndGlobal
